{
  "nodes": {
    "disko": {
      "inputs": {
        "nixpkgs": [
          "nixpkgs"
        ]
      },
      "locked": {
        "lastModified": 1737038063,
        "narHash": "sha256-rMEuiK69MDhjz1JgbaeQ9mBDXMJ2/P8vmOYRbFndXsk=",
        "owner": "nix-community",
        "repo": "disko",
        "rev": "bf0abfde48f469c256f2b0f481c6281ff04a5db2",
        "type": "github"
      },
      "original": {
        "owner": "nix-community",
        "repo": "disko",
        "type": "github"
      }
    },
    "flake-compat": {
      "flake": false,
      "locked": {
        "lastModified": 1696426674,
        "narHash": "sha256-kvjfFW7WAETZlt09AgDn1MrtKzP7t90Vf7vypd3OL1U=",
        "owner": "edolstra",
        "repo": "flake-compat",
        "rev": "0f9255e01c2351cc7d116c072cb317785dd33b33",
        "type": "github"
      },
      "original": {
        "owner": "edolstra",
        "repo": "flake-compat",
        "type": "github"
      }
    },
    "gitignore": {
      "inputs": {
        "nixpkgs": [
          "pre-commit-hooks",
          "nixpkgs"
        ]
      },
      "locked": {
        "lastModified": 1709087332,
        "narHash": "sha256-HG2cCnktfHsKV0s4XW83gU3F57gaTljL9KNSuG6bnQs=",
        "owner": "hercules-ci",
        "repo": "gitignore.nix",
        "rev": "637db329424fd7e46cf4185293b9cc8c88c95394",
        "type": "github"
      },
      "original": {
        "owner": "hercules-ci",
        "repo": "gitignore.nix",
        "type": "github"
      }
    },
    "home-manager": {
      "inputs": {
        "nixpkgs": [
          "nixpkgs"
        ]
      },
      "locked": {
        "lastModified": 1737575492,
        "narHash": "sha256-qa/D3NC1JoApnUuLrq1gseBmIxeg6icm/ojPgggMDVQ=",
        "owner": "nix-community",
        "repo": "home-manager",
        "rev": "cefb1889b96ddd1dac3dd4734e894f4cadab7802",
        "type": "github"
      },
      "original": {
        "owner": "nix-community",
        "repo": "home-manager",
        "type": "github"
      }
    },
    "niri": {
      "inputs": {
        "niri-stable": "niri-stable",
        "niri-unstable": "niri-unstable",
        "nixpkgs": [
          "nixpkgs"
        ],
        "nixpkgs-stable": "nixpkgs-stable",
        "xwayland-satellite-stable": "xwayland-satellite-stable",
        "xwayland-satellite-unstable": "xwayland-satellite-unstable"
      },
      "locked": {
        "lastModified": 1737545000,
        "narHash": "sha256-Drl0xZR/N2w3dQtZ3hpx4LA3M34Lev7OKv9qrglncfY=",
        "owner": "sodiboo",
        "repo": "niri-flake",
        "rev": "04e476cb17be7c29c18a6dbcf451321f7c9b1d98",
        "type": "github"
      },
      "original": {
        "owner": "sodiboo",
        "repo": "niri-flake",
        "type": "github"
      }
    },
    "niri-stable": {
      "flake": false,
      "locked": {
        "lastModified": 1736614405,
        "narHash": "sha256-AJ1rlgNOPb3/+DbS5hkhm21t6Oz8IgqLllwmZt0lyzk=",
        "owner": "YaLTeR",
        "repo": "niri",
        "rev": "e05bc269e678ecf828b96ae79c991c13b00b38a5",
        "type": "github"
      },
      "original": {
        "owner": "YaLTeR",
        "ref": "v25.01",
        "repo": "niri",
        "type": "github"
      }
    },
    "niri-unstable": {
      "flake": false,
      "locked": {
        "lastModified": 1737449786,
        "narHash": "sha256-G/AK0T41PpxU9hjkK/tnjODigzKcpRayo1o4pi9glqI=",
        "owner": "YaLTeR",
        "repo": "niri",
        "rev": "b01b8afa8c8f9070300243050d9790e38fd19145",
        "type": "github"
      },
      "original": {
        "owner": "YaLTeR",
        "repo": "niri",
        "type": "github"
      }
    },
    "nixpkgs": {
      "locked": {
        "lastModified": 1737469691,
        "narHash": "sha256-nmKOgAU48S41dTPIXAq0AHZSehWUn6ZPrUKijHAMmIk=",
        "owner": "nixos",
        "repo": "nixpkgs",
        "rev": "9e4d5190a9482a1fb9d18adf0bdb83c6e506eaab",
        "type": "github"
      },
      "original": {
        "owner": "nixos",
        "ref": "nixos-unstable",
        "repo": "nixpkgs",
        "type": "github"
      }
    },
    "nixpkgs-stable": {
      "locked": {
        "lastModified": 1737404927,
        "narHash": "sha256-e1WgPJpIYbOuokjgylcsuoEUCB4Jl2rQXa2LUD6XAG8=",
        "owner": "NixOS",
        "repo": "nixpkgs",
        "rev": "ae584d90cbd0396a422289ee3efb1f1c9d141dc3",
        "type": "github"
      },
      "original": {
        "owner": "NixOS",
        "ref": "nixos-24.11",
        "repo": "nixpkgs",
        "type": "github"
      }
    },
    "nixpkgs-stable_2": {
      "locked": {
        "lastModified": 1737885640,
        "narHash": "sha256-GFzPxJzTd1rPIVD4IW+GwJlyGwBDV1Tj5FLYwDQQ9sM=",
        "owner": "NixOS",
        "repo": "nixpkgs",
        "rev": "4e96537f163fad24ed9eb317798a79afc85b51b7",
        "type": "github"
      },
      "original": {
        "owner": "NixOS",
        "ref": "nixos-24.11",
        "repo": "nixpkgs",
        "type": "github"
      }
    },
    "nixpkgs-unstable": {
      "locked": {
        "lastModified": 1737885589,
        "narHash": "sha256-Zf0hSrtzaM1DEz8//+Xs51k/wdSajticVrATqDrfQjg=",
        "owner": "NixOS",
        "repo": "nixpkgs",
        "rev": "852ff1d9e153d8875a83602e03fdef8a63f0ecf8",
        "type": "github"
      },
      "original": {
        "owner": "NixOS",
        "ref": "nixos-unstable",
        "repo": "nixpkgs",
        "type": "github"
      }
    },
    "pre-commit-hooks": {
      "inputs": {
        "flake-compat": "flake-compat",
        "gitignore": "gitignore",
        "nixpkgs": [
          "nixpkgs"
        ]
      },
      "locked": {
        "lastModified": 1737465171,
        "narHash": "sha256-R10v2hoJRLq8jcL4syVFag7nIGE7m13qO48wRIukWNg=",
        "owner": "cachix",
        "repo": "git-hooks.nix",
        "rev": "9364dc02281ce2d37a1f55b6e51f7c0f65a75f17",
        "type": "github"
      },
      "original": {
        "owner": "cachix",
        "repo": "git-hooks.nix",
        "type": "github"
      }
    },
    "root": {
      "inputs": {
        "disko": "disko",
        "home-manager": "home-manager",
        "niri": "niri",
        "nixpkgs": "nixpkgs",
        "nixpkgs-stable": "nixpkgs-stable_2",
        "nixpkgs-unstable": "nixpkgs-unstable",
        "pre-commit-hooks": "pre-commit-hooks",
        "treefmt-nix": "treefmt-nix"
      }
    },
    "treefmt-nix": {
      "inputs": {
        "nixpkgs": [
          "nixpkgs"
        ]
      },
      "locked": {
        "lastModified": 1738070913,
        "narHash": "sha256-j6jC12vCFsTGDmY2u1H12lMr62fnclNjuCtAdF1a4Nk=",
        "owner": "numtide",
        "repo": "treefmt-nix",
        "rev": "bebf27d00f7d10ba75332a0541ac43676985dea3",
        "type": "github"
      },
      "original": {
        "owner": "numtide",
        "repo": "treefmt-nix",
        "type": "github"
      }
    },
    "xwayland-satellite-stable": {
      "flake": false,
      "locked": {
        "lastModified": 1730166465,
        "narHash": "sha256-nq7bouXQXaaPPo/E+Jbq+wNHnatD4dY8OxSrRqzvy6s=",
        "owner": "Supreeeme",
        "repo": "xwayland-satellite",
        "rev": "a713cf46cb7db84a0d1b57c3a397c610cad3cf98",
        "type": "github"
      },
      "original": {
        "owner": "Supreeeme",
        "ref": "v0.5",
        "repo": "xwayland-satellite",
        "type": "github"
      }
    },
    "xwayland-satellite-unstable": {
      "flake": false,
      "locked": {
        "lastModified": 1736487362,
        "narHash": "sha256-4kGoOA7FgK9N2mzS+TFEn41kUUNY6KwdiA/0rqlr868=",
        "owner": "Supreeeme",
        "repo": "xwayland-satellite",
        "rev": "8f55e27f63a749881c4bbfbb6b1da028342a91d1",
        "type": "github"
      },
      "original": {
        "owner": "Supreeeme",
        "repo": "xwayland-satellite",
        "type": "github"
      }
    }
  },
  "root": "root",
  "version": 7
}
